Microsoft Visual Studio Solution File, Format Version 12.00
# Visual Studio Version 17
VisualStudioVersion = 17.13.35731.43
MinimumVisualStudioVersion = 10.0.40219.1
Project("{FAE04EC0-301F-11D3-BF4B-00C04F79EFBC}") = "BA.MicroService.SAPRfc", "BA.MicroService.SAPRfc\BA.MicroService.SAPRfc.csproj", "{5E4C9814-7D56-40AB-A113-9A38F8D44DE9}"
EndProject
Project("{FAE04EC0-301F-11D3-BF4B-00C04F79EFBC}") = "BA.MicroService.SAPRfcTests", "BA.MicroService.SAPRfcTests\BA.MicroService.SAPRfcTests.csproj", "{ED9B367C-BE52-458F-9882-6A28AC19BD33}"
EndProject
Global
	GlobalSection(SolutionConfigurationPlatforms) = preSolution
		Debug|Any CPU = Debug|Any CPU
		Release|Any CPU = Release|Any CPU
	EndGlobalSection
	GlobalSection(ProjectConfigurationPlatforms) = postSolution
		{5E4C9814-7D56-40AB-A113-9A38F8D44DE9}.Debug|Any CPU.ActiveCfg = Debug|Any CPU
		{5E4C9814-7D56-40AB-A113-9A38F8D44DE9}.Debug|Any CPU.Build.0 = Debug|Any CPU
		{5E4C9814-7D56-40AB-A113-9A38F8D44DE9}.Release|Any CPU.ActiveCfg = Release|Any CPU
		{5E4C9814-7D56-40AB-A113-9A38F8D44DE9}.Release|Any CPU.Build.0 = Release|Any CPU
		{ED9B367C-BE52-458F-9882-6A28AC19BD33}.Debug|Any CPU.ActiveCfg = Debug|Any CPU
		{ED9B367C-BE52-458F-9882-6A28AC19BD33}.Debug|Any CPU.Build.0 = Debug|Any CPU
		{ED9B367C-BE52-458F-9882-6A28AC19BD33}.Release|Any CPU.ActiveCfg = Release|Any CPU
		{ED9B367C-BE52-458F-9882-6A28AC19BD33}.Release|Any CPU.Build.0 = Release|Any CPU
	EndGlobalSection
	GlobalSection(SolutionProperties) = preSolution
		HideSolutionNode = FALSE
	EndGlobalSection
	GlobalSection(ExtensibilityGlobals) = postSolution
		SolutionGuid = {CE0B7D34-70CF-4EC3-8853-E21721DDF6D6}
	EndGlobalSection
EndGlobal
